
Microsoft Visual Studio Solution File, Format Version 12.00
# Visual Studio 15
VisualStudioVersion = 15.0.26403.7
MinimumVisualStudioVersion = 10.0.40219.1
Project("{FAE04EC0-301F-11D3-BF4B-00C04F79EFBC}") = "AppMoneys.Android", "AppMoneys\AppMoneys.Android\AppMoneys.Android.csproj", "{898231D4-433C-4787-9790-17649A30AECA}"
EndProject
Project("{FAE04EC0-301F-11D3-BF4B-00C04F79EFBC}") = "AppMoneys", "AppMoneys\AppMoneys\AppMoneys.csproj", "{0A23214A-44C2-4C6F-9395-195EFEEF8385}"
EndProject
Project("{FAE04EC0-301F-11D3-BF4B-00C04F79EFBC}") = "AppMoneys.UWP", "AppMoneys\AppMoneys.UWP\AppMoneys.UWP.csproj", "{028C9367-FA3E-4C4E-A46B-231800DB5E75}"
EndProject
Project("{FAE04EC0-301F-11D3-BF4B-00C04F79EFBC}") = "AppMoneys.iOS", "AppMoneys\AppMoneys.iOS\AppMoneys.iOS.csproj", "{AB2CE1FD-3AC3-47F7-B87C-EECC38FA5013}"
EndProject
Global
	GlobalSection(SolutionConfigurationPlatforms) = preSolution
		Ad-Hoc|Any CPU = Ad-Hoc|Any CPU
		Ad-Hoc|ARM = Ad-Hoc|ARM
		Ad-Hoc|iPhone = Ad-Hoc|iPhone
		Ad-Hoc|iPhoneSimulator = Ad-Hoc|iPhoneSimulator
		Ad-Hoc|x64 = Ad-Hoc|x64
		Ad-Hoc|x86 = Ad-Hoc|x86
		AppStore|Any CPU = AppStore|Any CPU
		AppStore|ARM = AppStore|ARM
		AppStore|iPhone = AppStore|iPhone
		AppStore|iPhoneSimulator = AppStore|iPhoneSimulator
		AppStore|x64 = AppStore|x64
		AppStore|x86 = AppStore|x86
		Debug|Any CPU = Debug|Any CPU
		Debug|ARM = Debug|ARM
		Debug|iPhone = Debug|iPhone
		Debug|iPhoneSimulator = Debug|iPhoneSimulator
		Debug|x64 = Debug|x64
		Debug|x86 = Debug|x86
		Release|Any CPU = Release|Any CPU
		Release|ARM = Release|ARM
		Release|iPhone = Release|iPhone
		Release|iPhoneSimulator = Release|iPhoneSimulator
		Release|x64 = Release|x64
		Release|x86 = Release|x86
	EndGlobalSection
	GlobalSection(ProjectConfigurationPlatforms) = postSolution
		{898231D4-433C-4787-9790-17649A30AECA}.Ad-Hoc|Any CPU.ActiveCfg = Release|Any CPU
		{898231D4-433C-4787-9790-17649A30AECA}.Ad-Hoc|Any CPU.Build.0 = Release|Any CPU
		{898231D4-433C-4787-9790-17649A30AECA}.Ad-Hoc|Any CPU.Deploy.0 = Release|Any CPU
		{898231D4-433C-4787-9790-17649A30AECA}.Ad-Hoc|ARM.ActiveCfg = Release|Any CPU
		{898231D4-433C-4787-9790-17649A30AECA}.Ad-Hoc|ARM.Build.0 = Release|Any CPU
		{898231D4-433C-4787-9790-17649A30AECA}.Ad-Hoc|ARM.Deploy.0 = Release|Any CPU
		{898231D4-433C-4787-9790-17649A30AECA}.Ad-Hoc|iPhone.ActiveCfg = Release|Any CPU
		{898231D4-433C-4787-9790-17649A30AECA}.Ad-Hoc|iPhone.Build.0 = Release|Any CPU
		{898231D4-433C-4787-9790-17649A30AECA}.Ad-Hoc|iPhone.Deploy.0 = Release|Any CPU
		{898231D4-433C-4787-9790-17649A30AECA}.Ad-Hoc|iPhoneSimulator.ActiveCfg = Release|Any CPU
		{898231D4-433C-4787-9790-17649A30AECA}.Ad-Hoc|iPhoneSimulator.Build.0 = Release|Any CPU
		{898231D4-433C-4787-9790-17649A30AECA}.Ad-Hoc|iPhoneSimulator.Deploy.0 = Release|Any CPU
		{898231D4-433C-4787-9790-17649A30AECA}.Ad-Hoc|x64.ActiveCfg = Release|Any CPU
		{898231D4-433C-4787-9790-17649A30AECA}.Ad-Hoc|x64.Build.0 = Release|Any CPU
		{898231D4-433C-4787-9790-17649A30AECA}.Ad-Hoc|x64.Deploy.0 = Release|Any CPU
		{898231D4-433C-4787-9790-17649A30AECA}.Ad-Hoc|x86.ActiveCfg = Release|Any CPU
		{898231D4-433C-4787-9790-17649A30AECA}.Ad-Hoc|x86.Build.0 = Release|Any CPU
		{898231D4-433C-4787-9790-17649A30AECA}.Ad-Hoc|x86.Deploy.0 = Release|Any CPU
		{898231D4-433C-4787-9790-17649A30AECA}.AppStore|Any CPU.ActiveCfg = Release|Any CPU
		{898231D4-433C-4787-9790-17649A30AECA}.AppStore|Any CPU.Build.0 = Release|Any CPU
		{898231D4-433C-4787-9790-17649A30AECA}.AppStore|Any CPU.Deploy.0 = Release|Any CPU
		{898231D4-433C-4787-9790-17649A30AECA}.AppStore|ARM.ActiveCfg = Release|Any CPU
		{898231D4-433C-4787-9790-17649A30AECA}.AppStore|ARM.Build.0 = Release|Any CPU
		{898231D4-433C-4787-9790-17649A30AECA}.AppStore|ARM.Deploy.0 = Release|Any CPU
		{898231D4-433C-4787-9790-17649A30AECA}.AppStore|iPhone.ActiveCfg = Release|Any CPU
		{898231D4-433C-4787-9790-17649A30AECA}.AppStore|iPhone.Build.0 = Release|Any CPU
		{898231D4-433C-4787-9790-17649A30AECA}.AppStore|iPhone.Deploy.0 = Release|Any CPU
		{898231D4-433C-4787-9790-17649A30AECA}.AppStore|iPhoneSimulator.ActiveCfg = Release|Any CPU
		{898231D4-433C-4787-9790-17649A30AECA}.AppStore|iPhoneSimulator.Build.0 = Release|Any CPU
		{898231D4-433C-4787-9790-17649A30AECA}.AppStore|iPhoneSimulator.Deploy.0 = Release|Any CPU
		{898231D4-433C-4787-9790-17649A30AECA}.AppStore|x64.ActiveCfg = Release|Any CPU
		{898231D4-433C-4787-9790-17649A30AECA}.AppStore|x64.Build.0 = Release|Any CPU
		{898231D4-433C-4787-9790-17649A30AECA}.AppStore|x64.Deploy.0 = Release|Any CPU
		{898231D4-433C-4787-9790-17649A30AECA}.AppStore|x86.ActiveCfg = Release|Any CPU
		{898231D4-433C-4787-9790-17649A30AECA}.AppStore|x86.Build.0 = Release|Any CPU
		{898231D4-433C-4787-9790-17649A30AECA}.AppStore|x86.Deploy.0 = Release|Any CPU
		{898231D4-433C-4787-9790-17649A30AECA}.Debug|Any CPU.ActiveCfg = Debug|Any CPU
		{898231D4-433C-4787-9790-17649A30AECA}.Debug|Any CPU.Build.0 = Debug|Any CPU
		{898231D4-433C-4787-9790-17649A30AECA}.Debug|Any CPU.Deploy.0 = Debug|Any CPU
		{898231D4-433C-4787-9790-17649A30AECA}.Debug|ARM.ActiveCfg = Debug|Any CPU
		{898231D4-433C-4787-9790-17649A30AECA}.Debug|ARM.Build.0 = Debug|Any CPU
		{898231D4-433C-4787-9790-17649A30AECA}.Debug|ARM.Deploy.0 = Debug|Any CPU
		{898231D4-433C-4787-9790-17649A30AECA}.Debug|iPhone.ActiveCfg = Debug|Any CPU
		{898231D4-433C-4787-9790-17649A30AECA}.Debug|iPhone.Build.0 = Debug|Any CPU
		{898231D4-433C-4787-9790-17649A30AECA}.Debug|iPhone.Deploy.0 = Debug|Any CPU
		{898231D4-433C-4787-9790-17649A30AECA}.Debug|iPhoneSimulator.ActiveCfg = Debug|Any CPU
		{898231D4-433C-4787-9790-17649A30AECA}.Debug|iPhoneSimulator.Build.0 = Debug|Any CPU
		{898231D4-433C-4787-9790-17649A30AECA}.Debug|iPhoneSimulator.Deploy.0 = Debug|Any CPU
		{898231D4-433C-4787-9790-17649A30AECA}.Debug|x64.ActiveCfg = Debug|Any CPU
		{898231D4-433C-4787-9790-17649A30AECA}.Debug|x64.Build.0 = Debug|Any CPU
		{898231D4-433C-4787-9790-17649A30AECA}.Debug|x64.Deploy.0 = Debug|Any CPU
		{898231D4-433C-4787-9790-17649A30AECA}.Debug|x86.ActiveCfg = Debug|Any CPU
		{898231D4-433C-4787-9790-17649A30AECA}.Debug|x86.Build.0 = Debug|Any CPU
		{898231D4-433C-4787-9790-17649A30AECA}.Debug|x86.Deploy.0 = Debug|Any CPU
		{898231D4-433C-4787-9790-17649A30AECA}.Release|Any CPU.ActiveCfg = Release|Any CPU
		{898231D4-433C-4787-9790-17649A30AECA}.Release|Any CPU.Build.0 = Release|Any CPU
		{898231D4-433C-4787-9790-17649A30AECA}.Release|Any CPU.Deploy.0 = Release|Any CPU
		{898231D4-433C-4787-9790-17649A30AECA}.Release|ARM.ActiveCfg = Release|Any CPU
		{898231D4-433C-4787-9790-17649A30AECA}.Release|ARM.Build.0 = Release|Any CPU
		{898231D4-433C-4787-9790-17649A30AECA}.Release|ARM.Deploy.0 = Release|Any CPU
		{898231D4-433C-4787-9790-17649A30AECA}.Release|iPhone.ActiveCfg = Release|Any CPU
		{898231D4-433C-4787-9790-17649A30AECA}.Release|iPhone.Build.0 = Release|Any CPU
		{898231D4-433C-4787-9790-17649A30AECA}.Release|iPhone.Deploy.0 = Release|Any CPU
		{898231D4-433C-4787-9790-17649A30AECA}.Release|iPhoneSimulator.ActiveCfg = Release|Any CPU
		{898231D4-433C-4787-9790-17649A30AECA}.Release|iPhoneSimulator.Build.0 = Release|Any CPU
		{898231D4-433C-4787-9790-17649A30AECA}.Release|iPhoneSimulator.Deploy.0 = Release|Any CPU
		{898231D4-433C-4787-9790-17649A30AECA}.Release|x64.ActiveCfg = Release|Any CPU
		{898231D4-433C-4787-9790-17649A30AECA}.Release|x64.Build.0 = Release|Any CPU
		{898231D4-433C-4787-9790-17649A30AECA}.Release|x64.Deploy.0 = Release|Any CPU
		{898231D4-433C-4787-9790-17649A30AECA}.Release|x86.ActiveCfg = Release|Any CPU
		{898231D4-433C-4787-9790-17649A30AECA}.Release|x86.Build.0 = Release|Any CPU
		{898231D4-433C-4787-9790-17649A30AECA}.Release|x86.Deploy.0 = Release|Any CPU
		{0A23214A-44C2-4C6F-9395-195EFEEF8385}.Ad-Hoc|Any CPU.ActiveCfg = Release|Any CPU
		{0A23214A-44C2-4C6F-9395-195EFEEF8385}.Ad-Hoc|Any CPU.Build.0 = Release|Any CPU
		{0A23214A-44C2-4C6F-9395-195EFEEF8385}.Ad-Hoc|ARM.ActiveCfg = Release|Any CPU
		{0A23214A-44C2-4C6F-9395-195EFEEF8385}.Ad-Hoc|ARM.Build.0 = Release|Any CPU
		{0A23214A-44C2-4C6F-9395-195EFEEF8385}.Ad-Hoc|iPhone.ActiveCfg = Release|Any CPU
		{0A23214A-44C2-4C6F-9395-195EFEEF8385}.Ad-Hoc|iPhone.Build.0 = Release|Any CPU
		{0A23214A-44C2-4C6F-9395-195EFEEF8385}.Ad-Hoc|iPhoneSimulator.ActiveCfg = Release|Any CPU
		{0A23214A-44C2-4C6F-9395-195EFEEF8385}.Ad-Hoc|iPhoneSimulator.Build.0 = Release|Any CPU
		{0A23214A-44C2-4C6F-9395-195EFEEF8385}.Ad-Hoc|x64.ActiveCfg = Release|Any CPU
		{0A23214A-44C2-4C6F-9395-195EFEEF8385}.Ad-Hoc|x64.Build.0 = Release|Any CPU
		{0A23214A-44C2-4C6F-9395-195EFEEF8385}.Ad-Hoc|x86.ActiveCfg = Release|Any CPU
		{0A23214A-44C2-4C6F-9395-195EFEEF8385}.Ad-Hoc|x86.Build.0 = Release|Any CPU
		{0A23214A-44C2-4C6F-9395-195EFEEF8385}.AppStore|Any CPU.ActiveCfg = Release|Any CPU
		{0A23214A-44C2-4C6F-9395-195EFEEF8385}.AppStore|Any CPU.Build.0 = Release|Any CPU
		{0A23214A-44C2-4C6F-9395-195EFEEF8385}.AppStore|ARM.ActiveCfg = Release|Any CPU
		{0A23214A-44C2-4C6F-9395-195EFEEF8385}.AppStore|ARM.Build.0 = Release|Any CPU
		{0A23214A-44C2-4C6F-9395-195EFEEF8385}.AppStore|iPhone.ActiveCfg = Release|Any CPU
		{0A23214A-44C2-4C6F-9395-195EFEEF8385}.AppStore|iPhone.Build.0 = Release|Any CPU
		{0A23214A-44C2-4C6F-9395-195EFEEF8385}.AppStore|iPhoneSimulator.ActiveCfg = Release|Any CPU
		{0A23214A-44C2-4C6F-9395-195EFEEF8385}.AppStore|iPhoneSimulator.Build.0 = Release|Any CPU
		{0A23214A-44C2-4C6F-9395-195EFEEF8385}.AppStore|x64.ActiveCfg = Release|Any CPU
		{0A23214A-44C2-4C6F-9395-195EFEEF8385}.AppStore|x64.Build.0 = Release|Any CPU
		{0A23214A-44C2-4C6F-9395-195EFEEF8385}.AppStore|x86.ActiveCfg = Release|Any CPU
		{0A23214A-44C2-4C6F-9395-195EFEEF8385}.AppStore|x86.Build.0 = Release|Any CPU
		{0A23214A-44C2-4C6F-9395-195EFEEF8385}.Debug|Any CPU.ActiveCfg = Debug|Any CPU
		{0A23214A-44C2-4C6F-9395-195EFEEF8385}.Debug|Any CPU.Build.0 = Debug|Any CPU
		{0A23214A-44C2-4C6F-9395-195EFEEF8385}.Debug|ARM.ActiveCfg = Debug|Any CPU
		{0A23214A-44C2-4C6F-9395-195EFEEF8385}.Debug|ARM.Build.0 = Debug|Any CPU
		{0A23214A-44C2-4C6F-9395-195EFEEF8385}.Debug|iPhone.ActiveCfg = Debug|Any CPU
		{0A23214A-44C2-4C6F-9395-195EFEEF8385}.Debug|iPhone.Build.0 = Debug|Any CPU
		{0A23214A-44C2-4C6F-9395-195EFEEF8385}.Debug|iPhoneSimulator.ActiveCfg = Debug|Any CPU
		{0A23214A-44C2-4C6F-9395-195EFEEF8385}.Debug|iPhoneSimulator.Build.0 = Debug|Any CPU
		{0A23214A-44C2-4C6F-9395-195EFEEF8385}.Debug|x64.ActiveCfg = Debug|Any CPU
		{0A23214A-44C2-4C6F-9395-195EFEEF8385}.Debug|x64.Build.0 = Debug|Any CPU
		{0A23214A-44C2-4C6F-9395-195EFEEF8385}.Debug|x86.ActiveCfg = Debug|Any CPU
		{0A23214A-44C2-4C6F-9395-195EFEEF8385}.Debug|x86.Build.0 = Debug|Any CPU
		{0A23214A-44C2-4C6F-9395-195EFEEF8385}.Release|Any CPU.ActiveCfg = Release|Any CPU
		{0A23214A-44C2-4C6F-9395-195EFEEF8385}.Release|Any CPU.Build.0 = Release|Any CPU
		{0A23214A-44C2-4C6F-9395-195EFEEF8385}.Release|ARM.ActiveCfg = Release|Any CPU
		{0A23214A-44C2-4C6F-9395-195EFEEF8385}.Release|ARM.Build.0 = Release|Any CPU
		{0A23214A-44C2-4C6F-9395-195EFEEF8385}.Release|iPhone.ActiveCfg = Release|Any CPU
		{0A23214A-44C2-4C6F-9395-195EFEEF8385}.Release|iPhone.Build.0 = Release|Any CPU
		{0A23214A-44C2-4C6F-9395-195EFEEF8385}.Release|iPhoneSimulator.ActiveCfg = Release|Any CPU
		{0A23214A-44C2-4C6F-9395-195EFEEF8385}.Release|iPhoneSimulator.Build.0 = Release|Any CPU
		{0A23214A-44C2-4C6F-9395-195EFEEF8385}.Release|x64.ActiveCfg = Release|Any CPU
		{0A23214A-44C2-4C6F-9395-195EFEEF8385}.Release|x64.Build.0 = Release|Any CPU
		{0A23214A-44C2-4C6F-9395-195EFEEF8385}.Release|x86.ActiveCfg = Release|Any CPU
		{0A23214A-44C2-4C6F-9395-195EFEEF8385}.Release|x86.Build.0 = Release|Any CPU
		{028C9367-FA3E-4C4E-A46B-231800DB5E75}.Ad-Hoc|Any CPU.ActiveCfg = Release|x86
		{028C9367-FA3E-4C4E-A46B-231800DB5E75}.Ad-Hoc|Any CPU.Build.0 = Release|x86
		{028C9367-FA3E-4C4E-A46B-231800DB5E75}.Ad-Hoc|Any CPU.Deploy.0 = Release|x86
		{028C9367-FA3E-4C4E-A46B-231800DB5E75}.Ad-Hoc|ARM.ActiveCfg = Release|ARM
		{028C9367-FA3E-4C4E-A46B-231800DB5E75}.Ad-Hoc|ARM.Build.0 = Release|ARM
		{028C9367-FA3E-4C4E-A46B-231800DB5E75}.Ad-Hoc|ARM.Deploy.0 = Release|ARM
		{028C9367-FA3E-4C4E-A46B-231800DB5E75}.Ad-Hoc|iPhone.ActiveCfg = Release|x86
		{028C9367-FA3E-4C4E-A46B-231800DB5E75}.Ad-Hoc|iPhone.Build.0 = Release|x86
		{028C9367-FA3E-4C4E-A46B-231800DB5E75}.Ad-Hoc|iPhone.Deploy.0 = Release|x86
		{028C9367-FA3E-4C4E-A46B-231800DB5E75}.Ad-Hoc|iPhoneSimulator.ActiveCfg = Release|x86
		{028C9367-FA3E-4C4E-A46B-231800DB5E75}.Ad-Hoc|iPhoneSimulator.Build.0 = Release|x86
		{028C9367-FA3E-4C4E-A46B-231800DB5E75}.Ad-Hoc|iPhoneSimulator.Deploy.0 = Release|x86
		{028C9367-FA3E-4C4E-A46B-231800DB5E75}.Ad-Hoc|x64.ActiveCfg = Release|x64
		{028C9367-FA3E-4C4E-A46B-231800DB5E75}.Ad-Hoc|x64.Build.0 = Release|x64
		{028C9367-FA3E-4C4E-A46B-231800DB5E75}.Ad-Hoc|x64.Deploy.0 = Release|x64
		{028C9367-FA3E-4C4E-A46B-231800DB5E75}.Ad-Hoc|x86.ActiveCfg = Release|x86
		{028C9367-FA3E-4C4E-A46B-231800DB5E75}.Ad-Hoc|x86.Build.0 = Release|x86
		{028C9367-FA3E-4C4E-A46B-231800DB5E75}.Ad-Hoc|x86.Deploy.0 = Release|x86
		{028C9367-FA3E-4C4E-A46B-231800DB5E75}.AppStore|Any CPU.ActiveCfg = Release|x86
		{028C9367-FA3E-4C4E-A46B-231800DB5E75}.AppStore|Any CPU.Build.0 = Release|x86
		{028C9367-FA3E-4C4E-A46B-231800DB5E75}.AppStore|Any CPU.Deploy.0 = Release|x86
		{028C9367-FA3E-4C4E-A46B-231800DB5E75}.AppStore|ARM.ActiveCfg = Release|ARM
		{028C9367-FA3E-4C4E-A46B-231800DB5E75}.AppStore|ARM.Build.0 = Release|ARM
		{028C9367-FA3E-4C4E-A46B-231800DB5E75}.AppStore|ARM.Deploy.0 = Release|ARM
		{028C9367-FA3E-4C4E-A46B-231800DB5E75}.AppStore|iPhone.ActiveCfg = Release|x86
		{028C9367-FA3E-4C4E-A46B-231800DB5E75}.AppStore|iPhone.Build.0 = Release|x86
		{028C9367-FA3E-4C4E-A46B-231800DB5E75}.AppStore|iPhone.Deploy.0 = Release|x86
		{028C9367-FA3E-4C4E-A46B-231800DB5E75}.AppStore|iPhoneSimulator.ActiveCfg = Release|x86
		{028C9367-FA3E-4C4E-A46B-231800DB5E75}.AppStore|iPhoneSimulator.Build.0 = Release|x86
		{028C9367-FA3E-4C4E-A46B-231800DB5E75}.AppStore|iPhoneSimulator.Deploy.0 = Release|x86
		{028C9367-FA3E-4C4E-A46B-231800DB5E75}.AppStore|x64.ActiveCfg = Release|x64
		{028C9367-FA3E-4C4E-A46B-231800DB5E75}.AppStore|x64.Build.0 = Release|x64
		{028C9367-FA3E-4C4E-A46B-231800DB5E75}.AppStore|x64.Deploy.0 = Release|x64
		{028C9367-FA3E-4C4E-A46B-231800DB5E75}.AppStore|x86.ActiveCfg = Release|x86
		{028C9367-FA3E-4C4E-A46B-231800DB5E75}.AppStore|x86.Build.0 = Release|x86
		{028C9367-FA3E-4C4E-A46B-231800DB5E75}.AppStore|x86.Deploy.0 = Release|x86
		{028C9367-FA3E-4C4E-A46B-231800DB5E75}.Debug|Any CPU.ActiveCfg = Debug|x86
		{028C9367-FA3E-4C4E-A46B-231800DB5E75}.Debug|ARM.ActiveCfg = Debug|ARM
		{028C9367-FA3E-4C4E-A46B-231800DB5E75}.Debug|ARM.Build.0 = Debug|ARM
		{028C9367-FA3E-4C4E-A46B-231800DB5E75}.Debug|ARM.Deploy.0 = Debug|ARM
		{028C9367-FA3E-4C4E-A46B-231800DB5E75}.Debug|iPhone.ActiveCfg = Debug|x86
		{028C9367-FA3E-4C4E-A46B-231800DB5E75}.Debug|iPhoneSimulator.ActiveCfg = Debug|x86
		{028C9367-FA3E-4C4E-A46B-231800DB5E75}.Debug|x64.ActiveCfg = Debug|x64
		{028C9367-FA3E-4C4E-A46B-231800DB5E75}.Debug|x64.Build.0 = Debug|x64
		{028C9367-FA3E-4C4E-A46B-231800DB5E75}.Debug|x64.Deploy.0 = Debug|x64
		{028C9367-FA3E-4C4E-A46B-231800DB5E75}.Debug|x86.ActiveCfg = Debug|x86
		{028C9367-FA3E-4C4E-A46B-231800DB5E75}.Debug|x86.Build.0 = Debug|x86
		{028C9367-FA3E-4C4E-A46B-231800DB5E75}.Debug|x86.Deploy.0 = Debug|x86
		{028C9367-FA3E-4C4E-A46B-231800DB5E75}.Release|Any CPU.ActiveCfg = Release|x86
		{028C9367-FA3E-4C4E-A46B-231800DB5E75}.Release|ARM.ActiveCfg = Release|ARM
		{028C9367-FA3E-4C4E-A46B-231800DB5E75}.Release|ARM.Build.0 = Release|ARM
		{028C9367-FA3E-4C4E-A46B-231800DB5E75}.Release|ARM.Deploy.0 = Release|ARM
		{028C9367-FA3E-4C4E-A46B-231800DB5E75}.Release|iPhone.ActiveCfg = Release|x86
		{028C9367-FA3E-4C4E-A46B-231800DB5E75}.Release|iPhoneSimulator.ActiveCfg = Release|x86
		{028C9367-FA3E-4C4E-A46B-231800DB5E75}.Release|x64.ActiveCfg = Release|x64
		{028C9367-FA3E-4C4E-A46B-231800DB5E75}.Release|x64.Build.0 = Release|x64
		{028C9367-FA3E-4C4E-A46B-231800DB5E75}.Release|x64.Deploy.0 = Release|x64
		{028C9367-FA3E-4C4E-A46B-231800DB5E75}.Release|x86.ActiveCfg = Release|x86
		{028C9367-FA3E-4C4E-A46B-231800DB5E75}.Release|x86.Build.0 = Release|x86
		{028C9367-FA3E-4C4E-A46B-231800DB5E75}.Release|x86.Deploy.0 = Release|x86
		{AB2CE1FD-3AC3-47F7-B87C-EECC38FA5013}.Ad-Hoc|Any CPU.ActiveCfg = Ad-Hoc|iPhone
		{AB2CE1FD-3AC3-47F7-B87C-EECC38FA5013}.Ad-Hoc|ARM.ActiveCfg = Ad-Hoc|iPhone
		{AB2CE1FD-3AC3-47F7-B87C-EECC38FA5013}.Ad-Hoc|iPhone.ActiveCfg = Ad-Hoc|iPhone
		{AB2CE1FD-3AC3-47F7-B87C-EECC38FA5013}.Ad-Hoc|iPhone.Build.0 = Ad-Hoc|iPhone
		{AB2CE1FD-3AC3-47F7-B87C-EECC38FA5013}.Ad-Hoc|iPhoneSimulator.ActiveCfg = Ad-Hoc|iPhoneSimulator
		{AB2CE1FD-3AC3-47F7-B87C-EECC38FA5013}.Ad-Hoc|iPhoneSimulator.Build.0 = Ad-Hoc|iPhoneSimulator
		{AB2CE1FD-3AC3-47F7-B87C-EECC38FA5013}.Ad-Hoc|x64.ActiveCfg = Ad-Hoc|iPhone
		{AB2CE1FD-3AC3-47F7-B87C-EECC38FA5013}.Ad-Hoc|x86.ActiveCfg = Ad-Hoc|iPhone
		{AB2CE1FD-3AC3-47F7-B87C-EECC38FA5013}.AppStore|Any CPU.ActiveCfg = AppStore|iPhone
		{AB2CE1FD-3AC3-47F7-B87C-EECC38FA5013}.AppStore|ARM.ActiveCfg = AppStore|iPhone
		{AB2CE1FD-3AC3-47F7-B87C-EECC38FA5013}.AppStore|iPhone.ActiveCfg = AppStore|iPhone
		{AB2CE1FD-3AC3-47F7-B87C-EECC38FA5013}.AppStore|iPhone.Build.0 = AppStore|iPhone
		{AB2CE1FD-3AC3-47F7-B87C-EECC38FA5013}.AppStore|iPhoneSimulator.ActiveCfg = AppStore|iPhoneSimulator
		{AB2CE1FD-3AC3-47F7-B87C-EECC38FA5013}.AppStore|iPhoneSimulator.Build.0 = AppStore|iPhoneSimulator
		{AB2CE1FD-3AC3-47F7-B87C-EECC38FA5013}.AppStore|x64.ActiveCfg = AppStore|iPhone
		{AB2CE1FD-3AC3-47F7-B87C-EECC38FA5013}.AppStore|x86.ActiveCfg = AppStore|iPhone
		{AB2CE1FD-3AC3-47F7-B87C-EECC38FA5013}.Debug|Any CPU.ActiveCfg = Debug|iPhone
		{AB2CE1FD-3AC3-47F7-B87C-EECC38FA5013}.Debug|ARM.ActiveCfg = Debug|iPhone
		{AB2CE1FD-3AC3-47F7-B87C-EECC38FA5013}.Debug|iPhone.ActiveCfg = Debug|iPhone
		{AB2CE1FD-3AC3-47F7-B87C-EECC38FA5013}.Debug|iPhone.Build.0 = Debug|iPhone
		{AB2CE1FD-3AC3-47F7-B87C-EECC38FA5013}.Debug|iPhoneSimulator.ActiveCfg = Debug|iPhoneSimulator
		{AB2CE1FD-3AC3-47F7-B87C-EECC38FA5013}.Debug|iPhoneSimulator.Build.0 = Debug|iPhoneSimulator
		{AB2CE1FD-3AC3-47F7-B87C-EECC38FA5013}.Debug|x64.ActiveCfg = Debug|iPhone
		{AB2CE1FD-3AC3-47F7-B87C-EECC38FA5013}.Debug|x86.ActiveCfg = Debug|iPhone
		{AB2CE1FD-3AC3-47F7-B87C-EECC38FA5013}.Release|Any CPU.ActiveCfg = Release|iPhone
		{AB2CE1FD-3AC3-47F7-B87C-EECC38FA5013}.Release|ARM.ActiveCfg = Release|iPhone
		{AB2CE1FD-3AC3-47F7-B87C-EECC38FA5013}.Release|iPhone.ActiveCfg = Release|iPhone
		{AB2CE1FD-3AC3-47F7-B87C-EECC38FA5013}.Release|iPhone.Build.0 = Release|iPhone
		{AB2CE1FD-3AC3-47F7-B87C-EECC38FA5013}.Release|iPhoneSimulator.ActiveCfg = Release|iPhoneSimulator
		{AB2CE1FD-3AC3-47F7-B87C-EECC38FA5013}.Release|iPhoneSimulator.Build.0 = Release|iPhoneSimulator
		{AB2CE1FD-3AC3-47F7-B87C-EECC38FA5013}.Release|x64.ActiveCfg = Release|iPhone
		{AB2CE1FD-3AC3-47F7-B87C-EECC38FA5013}.Release|x86.ActiveCfg = Release|iPhone
	EndGlobalSection
	GlobalSection(SolutionProperties) = preSolution
		HideSolutionNode = FALSE
	EndGlobalSection
EndGlobal
